<?xml version="1.0" encoding="utf-8"?>
<Project ToolsVersion="4.0" xmlns="http://schemas.microsoft.com/developer/msbuild/2003">
  <ItemGroup>
    <Filter Include="Файлы исходного кода">
      <UniqueIdentifier>{4FC737F1-C7A5-4376-A066-2A32D752A2FF}</UniqueIdentifier>
      <Extensions>cpp;c;cc;cxx;def;odl;idl;hpj;bat;asm;asmx</Extensions>
    </Filter>
    <Filter Include="Заголовочные файлы">
      <UniqueIdentifier>{93995380-89BD-4b04-88EB-625FBE52EBFB}</UniqueIdentifier>
      <Extensions>h;hpp;hxx;hm;inl;inc;xsd</Extensions>
    </Filter>
    <Filter Include="Файлы ресурсов">
      <UniqueIdentifier>{67DA6AB6-F800-4c08-8B7A-83BB121AAD01}</UniqueIdentifier>
      <Extensions>rc;ico;cur;bmp;dlg;rc2;rct;bin;rgs;gif;jpg;jpeg;jpe;resx;tiff;tif;png;wav;mfcribbon-ms</Extensions>
    </Filter>
    <Filter Include="Файлы ресурсов\GL">
      <UniqueIdentifier>{ca96e6ec-7161-4489-8714-bc3b79935d1f}</UniqueIdentifier>
    </Filter>
    <Filter Include="Заголовочные файлы\Common">
      <UniqueIdentifier>{f0a493d1-5204-4310-8796-ab6d52b41340}</UniqueIdentifier>
    </Filter>
    <Filter Include="Файлы исходного кода\Common">
      <UniqueIdentifier>{22d2221a-8756-482d-8641-c395db3ac76a}</UniqueIdentifier>
    </Filter>
    <Filter Include="Файлы ресурсов\shaders">
      <UniqueIdentifier>{638b0139-6a98-4dc6-89fd-cedb90937f47}</UniqueIdentifier>
    </Filter>
  </ItemGroup>
  <ItemGroup>
    <ClCompile Include="main.cpp">
      <Filter>Файлы исходного кода</Filter>
    </ClCompile>
    <ClCompile Include="Helpers.cpp">
      <Filter>Файлы исходного кода</Filter>
    </ClCompile>
    <ClCompile Include="Camera.cpp">
      <Filter>Файлы исходного кода</Filter>
    </ClCompile>
    <ClCompile Include="Mesh.cpp">
      <Filter>Файлы исходного кода</Filter>
    </ClCompile>
    <ClCompile Include="SkyBox.cpp">
      <Filter>Файлы исходного кода</Filter>
    </ClCompile>
    <ClCompile Include="Texture.cpp">
      <Filter>Файлы исходного кода\Common</Filter>
    </ClCompile>
    <ClCompile Include="Parallelepiped.cpp">
      <Filter>Файлы исходного кода</Filter>
    </ClCompile>
    <ClCompile Include="Grid.cpp">
      <Filter>Файлы исходного кода</Filter>
    </ClCompile>
    <ClCompile Include="BaseObject.cpp">
      <Filter>Файлы исходного кода</Filter>
    </ClCompile>
  </ItemGroup>
  <ItemGroup>
    <Library Include="..\include\GL\freeglut.lib">
      <Filter>Файлы ресурсов\GL</Filter>
    </Library>
    <Library Include="..\include\GL\glew32.lib">
      <Filter>Файлы ресурсов\GL</Filter>
    </Library>
  </ItemGroup>
  <ItemGroup>
    <None Include="..\include\GL\glew32.dll">
      <Filter>Файлы ресурсов\GL</Filter>
    </None>
    <None Include="sun.3DS">
      <Filter>Файлы ресурсов</Filter>
    </None>
    <None Include="apollon.3DS">
      <Filter>Файлы ресурсов</Filter>
    </None>
    <None Include="firtree.3ds">
      <Filter>Файлы ресурсов</Filter>
    </None>
    <None Include="ruins.3ds">
      <Filter>Файлы ресурсов</Filter>
    </None>
    <None Include="ElephantBody.3ds">
      <Filter>Файлы ресурсов</Filter>
    </None>
    <None Include="Torus.3ds">
      <Filter>Файлы ресурсов</Filter>
    </None>
    <None Include="Shader1.frag">
      <Filter>Файлы ресурсов\shaders</Filter>
    </None>
    <None Include="Shader1.vert">
      <Filter>Файлы ресурсов\shaders</Filter>
    </None>
    <None Include="cube.vert">
      <Filter>Файлы ресурсов\shaders</Filter>
    </None>
    <None Include="cube.frag">
      <Filter>Файлы ресурсов\shaders</Filter>
    </None>
    <None Include="cubes.api">
      <Filter>Файлы ресурсов</Filter>
    </None>
    <None Include="grid.frag">
      <Filter>Файлы ресурсов\shaders</Filter>
    </None>
    <None Include="grid.vert">
      <Filter>Файлы ресурсов\shaders</Filter>
    </None>
  </ItemGroup>
  <ItemGroup>
    <ClInclude Include="Helpers.h">
      <Filter>Заголовочные файлы</Filter>
    </ClInclude>
    <ClInclude Include="Camera.h">
      <Filter>Заголовочные файлы</Filter>
    </ClInclude>
    <ClInclude Include="Mesh.h">
      <Filter>Заголовочные файлы</Filter>
    </ClInclude>
    <ClInclude Include="SkyBox.h">
      <Filter>Заголовочные файлы</Filter>
    </ClInclude>
    <ClInclude Include="Texture.h">
      <Filter>Заголовочные файлы\Common</Filter>
    </ClInclude>
    <ClInclude Include="includes.h">
      <Filter>Заголовочные файлы</Filter>
    </ClInclude>
    <ClInclude Include="Parallelepiped.h">
      <Filter>Заголовочные файлы</Filter>
    </ClInclude>
    <ClInclude Include="Grid.h">
      <Filter>Заголовочные файлы</Filter>
    </ClInclude>
    <ClInclude Include="BaseObject.h">
      <Filter>Заголовочные файлы</Filter>
    </ClInclude>
  </ItemGroup>
  <ItemGroup>
    <Image Include="sun_tex.bmp">
      <Filter>Файлы ресурсов</Filter>
    </Image>
    <Image Include="texture01.jpg">
      <Filter>Файлы ресурсов</Filter>
    </Image>
    <Image Include="texture02.jpg">
      <Filter>Файлы ресурсов</Filter>
    </Image>
  </ItemGroup>
</Project>